{
  "version": 4,
  "terraform_version": "1.14.8",
  "serial": 10,
  "lineage": "2d77689b-b058-7553-1db1-0dfa8054d821",
  "outputs": {},
  "resources": [
    {
      "mode": "managed",
      "type": "docker_image",
      "name": "backend",
      "provider": "provider[\"registry.terraform.io/kreuzwerker/docker\"]",
      "instances": [
        {
          "schema_version": 0,
          "attributes": {
            "build": [],
            "force_remove": null,
            "id": "sha256:d8fa7bba0d5d8340adb0fc42c95b30f2628a96dd2b6b6e07021caa20fe9b99e7pfe-backend:latest",
            "image_id": "sha256:d8fa7bba0d5d8340adb0fc42c95b30f2628a96dd2b6b6e07021caa20fe9b99e7",
            "keep_locally": null,
            "name": "pfe-backend:latest",
            "platform": null,
            "pull_triggers": null,
            "repo_digest": "pfe-backend@sha256:d8fa7bba0d5d8340adb0fc42c95b30f2628a96dd2b6b6e07021caa20fe9b99e7",
            "timeouts": null,
            "triggers": null
          },
          "sensitive_attributes": [],
          "identity_schema_version": 0,
          "private": "eyJlMmJmYjczMC1lY2FhLTExZTYtOGY4OC0zNDM2M2JjN2M0YzAiOnsiY3JlYXRlIjoxMjAwMDAwMDAwMDAwLCJkZWxldGUiOjEyMDAwMDAwMDAwMDAsInVwZGF0ZSI6MTIwMDAwMDAwMDAwMH19"
        }
      ]
    },
    {
      "mode": "managed",
      "type": "docker_image",
      "name": "frontend",
      "provider": "provider[\"registry.terraform.io/kreuzwerker/docker\"]",
      "instances": [
        {
          "schema_version": 0,
          "attributes": {
            "build": [],
            "force_remove": null,
            "id": "sha256:3ca3187de5f5c04d79cb5bc2ef2f8ac9da1c66a51bfbfe8a5764d96a21e40117pfe-frontend:latest",
            "image_id": "sha256:3ca3187de5f5c04d79cb5bc2ef2f8ac9da1c66a51bfbfe8a5764d96a21e40117",
            "keep_locally": null,
            "name": "pfe-frontend:latest",
            "platform": null,
            "pull_triggers": null,
            "repo_digest": "pfe-frontend@sha256:3ca3187de5f5c04d79cb5bc2ef2f8ac9da1c66a51bfbfe8a5764d96a21e40117",
            "timeouts": null,
            "triggers": null
          },
          "sensitive_attributes": [],
          "identity_schema_version": 0,
          "private": "eyJlMmJmYjczMC1lY2FhLTExZTYtOGY4OC0zNDM2M2JjN2M0YzAiOnsiY3JlYXRlIjoxMjAwMDAwMDAwMDAwLCJkZWxldGUiOjEyMDAwMDAwMDAwMDAsInVwZGF0ZSI6MTIwMDAwMDAwMDAwMH19"
        }
      ]
    },
    {
      "mode": "managed",
      "type": "docker_image",
      "name": "mysql",
      "provider": "provider[\"registry.terraform.io/kreuzwerker/docker\"]",
      "instances": [
        {
          "schema_version": 0,
          "attributes": {
            "build": [],
            "force_remove": null,
            "id": "sha256:7fcf7bcd3fa703ff23a2b998e4ed9077e5db570bcc4468459902e33b23d2841dmysql:8",
            "image_id": "sha256:7fcf7bcd3fa703ff23a2b998e4ed9077e5db570bcc4468459902e33b23d2841d",
            "keep_locally": null,
            "name": "mysql:8",
            "platform": null,
            "pull_triggers": null,
            "repo_digest": "mysql@sha256:7fcf7bcd3fa703ff23a2b998e4ed9077e5db570bcc4468459902e33b23d2841d",
            "timeouts": null,
            "triggers": null
          },
          "sensitive_attributes": [],
          "identity_schema_version": 0,
          "private": "eyJlMmJmYjczMC1lY2FhLTExZTYtOGY4OC0zNDM2M2JjN2M0YzAiOnsiY3JlYXRlIjoxMjAwMDAwMDAwMDAwLCJkZWxldGUiOjEyMDAwMDAwMDAwMDAsInVwZGF0ZSI6MTIwMDAwMDAwMDAwMH19"
        }
      ]
    },
    {
      "mode": "managed",
      "type": "docker_volume",
      "name": "mysql_data",
      "provider": "provider[\"registry.terraform.io/kreuzwerker/docker\"]",
      "instances": [
        {
          "schema_version": 1,
          "attributes": {
            "cluster": [],
            "driver": "local",
            "driver_opts": null,
            "id": "mysql_data",
            "labels": [],
            "mountpoint": "/var/lib/docker/volumes/mysql_data/_data",
            "name": "mysql_data"
          },
          "sensitive_attributes": [],
          "identity_schema_version": 0,
          "private": "eyJzY2hlbWFfdmVyc2lvbiI6IjEifQ=="
        }
      ]
    }
  ],
  "check_results": null
}
